
Microsoft Visual Studio Solution File, Format Version 12.00
# Visual Studio Version 17
VisualStudioVersion = 17.8.34525.116
MinimumVisualStudioVersion = 10.0.40219.1
Project("{9A19103F-16F7-4668-BE54-9A1E7A4F7556}") = "01. Vowels", "01. Vowels\01. Vowels.csproj", "{F9DF2CA4-D464-4EC1-BDAF-5069C85DF707}"
EndProject
Project("{9A19103F-16F7-4668-BE54-9A1E7A4F7556}") = "02. Average Number", "02. Average Number\02. Average Number.csproj", "{A3FDF060-A45D-43B2-B874-92A88670DBC4}"
EndProject
Project("{9A19103F-16F7-4668-BE54-9A1E7A4F7556}") = "03. Two-digit numbers", "03. Two-digit numbers\03. Two-digit numbers.csproj", "{E62FF655-907E-4081-830D-2C39745CFCA6}"
EndProject
Project("{9A19103F-16F7-4668-BE54-9A1E7A4F7556}") = "04. Reverse symbols", "04. Reverse symbols\04. Reverse symbols.csproj", "{70BD60B9-5986-40F0-927A-D82022C587ED}"
EndProject
Project("{9A19103F-16F7-4668-BE54-9A1E7A4F7556}") = "05. Number of matches", "05. Number of matches\05. Number of matches.csproj", "{B6B98807-2C1B-4C7E-AA11-5D1C4F7C53DE}"
EndProject
Project("{FAE04EC0-301F-11D3-BF4B-00C04F79EFBC}") = "06. Ascending or descending row", "06. Ascending or descending row\06. Ascending or descending row.csproj", "{D1B418D5-495D-4667-BBFC-A8BB313990C8}"
EndProject
Project("{FAE04EC0-301F-11D3-BF4B-00C04F79EFBC}") = "07. Contains digit", "07. Contains digit\07. Contains digit.csproj", "{711B3792-A220-4992-BFFE-EECE2CC0C167}"
EndProject
Project("{FAE04EC0-301F-11D3-BF4B-00C04F79EFBC}") = "08. Ignore same numbers", "08. Ignore same numbers\08. Ignore same numbers.csproj", "{D2AF3950-3F98-4467-A89F-99B382A2C9DE}"
EndProject
Project("{FAE04EC0-301F-11D3-BF4B-00C04F79EFBC}") = "09. Even or odd numbers", "09. Even or odd numbers\09. Even or odd numbers.csproj", "{59495FAB-B05D-4279-A99B-5D8AE5F2E813}"
EndProject
Project("{FAE04EC0-301F-11D3-BF4B-00C04F79EFBC}") = "10. Positive numbers", "10. Positive numbers\10. Positive numbers.csproj", "{4526EBB2-6F10-4F2C-B308-1B0C64B8AB86}"
EndProject
Global
	GlobalSection(SolutionConfigurationPlatforms) = preSolution
		Debug|Any CPU = Debug|Any CPU
		Release|Any CPU = Release|Any CPU
	EndGlobalSection
	GlobalSection(ProjectConfigurationPlatforms) = postSolution
		{F9DF2CA4-D464-4EC1-BDAF-5069C85DF707}.Debug|Any CPU.ActiveCfg = Debug|Any CPU
		{F9DF2CA4-D464-4EC1-BDAF-5069C85DF707}.Debug|Any CPU.Build.0 = Debug|Any CPU
		{F9DF2CA4-D464-4EC1-BDAF-5069C85DF707}.Release|Any CPU.ActiveCfg = Release|Any CPU
		{F9DF2CA4-D464-4EC1-BDAF-5069C85DF707}.Release|Any CPU.Build.0 = Release|Any CPU
		{A3FDF060-A45D-43B2-B874-92A88670DBC4}.Debug|Any CPU.ActiveCfg = Debug|Any CPU
		{A3FDF060-A45D-43B2-B874-92A88670DBC4}.Debug|Any CPU.Build.0 = Debug|Any CPU
		{A3FDF060-A45D-43B2-B874-92A88670DBC4}.Release|Any CPU.ActiveCfg = Release|Any CPU
		{A3FDF060-A45D-43B2-B874-92A88670DBC4}.Release|Any CPU.Build.0 = Release|Any CPU
		{E62FF655-907E-4081-830D-2C39745CFCA6}.Debug|Any CPU.ActiveCfg = Debug|Any CPU
		{E62FF655-907E-4081-830D-2C39745CFCA6}.Debug|Any CPU.Build.0 = Debug|Any CPU
		{E62FF655-907E-4081-830D-2C39745CFCA6}.Release|Any CPU.ActiveCfg = Release|Any CPU
		{E62FF655-907E-4081-830D-2C39745CFCA6}.Release|Any CPU.Build.0 = Release|Any CPU
		{70BD60B9-5986-40F0-927A-D82022C587ED}.Debug|Any CPU.ActiveCfg = Debug|Any CPU
		{70BD60B9-5986-40F0-927A-D82022C587ED}.Debug|Any CPU.Build.0 = Debug|Any CPU
		{70BD60B9-5986-40F0-927A-D82022C587ED}.Release|Any CPU.ActiveCfg = Release|Any CPU
		{70BD60B9-5986-40F0-927A-D82022C587ED}.Release|Any CPU.Build.0 = Release|Any CPU
		{B6B98807-2C1B-4C7E-AA11-5D1C4F7C53DE}.Debug|Any CPU.ActiveCfg = Debug|Any CPU
		{B6B98807-2C1B-4C7E-AA11-5D1C4F7C53DE}.Debug|Any CPU.Build.0 = Debug|Any CPU
		{B6B98807-2C1B-4C7E-AA11-5D1C4F7C53DE}.Release|Any CPU.ActiveCfg = Release|Any CPU
		{B6B98807-2C1B-4C7E-AA11-5D1C4F7C53DE}.Release|Any CPU.Build.0 = Release|Any CPU
		{D1B418D5-495D-4667-BBFC-A8BB313990C8}.Debug|Any CPU.ActiveCfg = Debug|Any CPU
		{D1B418D5-495D-4667-BBFC-A8BB313990C8}.Debug|Any CPU.Build.0 = Debug|Any CPU
		{D1B418D5-495D-4667-BBFC-A8BB313990C8}.Release|Any CPU.ActiveCfg = Release|Any CPU
		{D1B418D5-495D-4667-BBFC-A8BB313990C8}.Release|Any CPU.Build.0 = Release|Any CPU
		{711B3792-A220-4992-BFFE-EECE2CC0C167}.Debug|Any CPU.ActiveCfg = Debug|Any CPU
		{711B3792-A220-4992-BFFE-EECE2CC0C167}.Debug|Any CPU.Build.0 = Debug|Any CPU
		{711B3792-A220-4992-BFFE-EECE2CC0C167}.Release|Any CPU.ActiveCfg = Release|Any CPU
		{711B3792-A220-4992-BFFE-EECE2CC0C167}.Release|Any CPU.Build.0 = Release|Any CPU
		{D2AF3950-3F98-4467-A89F-99B382A2C9DE}.Debug|Any CPU.ActiveCfg = Debug|Any CPU
		{D2AF3950-3F98-4467-A89F-99B382A2C9DE}.Debug|Any CPU.Build.0 = Debug|Any CPU
		{D2AF3950-3F98-4467-A89F-99B382A2C9DE}.Release|Any CPU.ActiveCfg = Release|Any CPU
		{D2AF3950-3F98-4467-A89F-99B382A2C9DE}.Release|Any CPU.Build.0 = Release|Any CPU
		{59495FAB-B05D-4279-A99B-5D8AE5F2E813}.Debug|Any CPU.ActiveCfg = Debug|Any CPU
		{59495FAB-B05D-4279-A99B-5D8AE5F2E813}.Debug|Any CPU.Build.0 = Debug|Any CPU
		{59495FAB-B05D-4279-A99B-5D8AE5F2E813}.Release|Any CPU.ActiveCfg = Release|Any CPU
		{59495FAB-B05D-4279-A99B-5D8AE5F2E813}.Release|Any CPU.Build.0 = Release|Any CPU
		{4526EBB2-6F10-4F2C-B308-1B0C64B8AB86}.Debug|Any CPU.ActiveCfg = Debug|Any CPU
		{4526EBB2-6F10-4F2C-B308-1B0C64B8AB86}.Debug|Any CPU.Build.0 = Debug|Any CPU
		{4526EBB2-6F10-4F2C-B308-1B0C64B8AB86}.Release|Any CPU.ActiveCfg = Release|Any CPU
		{4526EBB2-6F10-4F2C-B308-1B0C64B8AB86}.Release|Any CPU.Build.0 = Release|Any CPU
	EndGlobalSection
	GlobalSection(SolutionProperties) = preSolution
		HideSolutionNode = FALSE
	EndGlobalSection
	GlobalSection(ExtensibilityGlobals) = postSolution
		SolutionGuid = {237434AF-AE91-4DCA-A047-22D9477967D1}
	EndGlobalSection
EndGlobal
